
Microsoft Visual Studio Solution File, Format Version 12.00
# Visual Studio Version 17
VisualStudioVersion = 17.1.32228.430
MinimumVisualStudioVersion = 10.0.40219.1
Project("{FAE04EC0-301F-11D3-BF4B-00C04F79EFBC}") = "AddressBookProgram", "AddressBookProgram\AddressBookProgram.csproj", "{E5C3317A-403A-4608-AA06-122BD25A2AC8}"
EndProject
Global
	GlobalSection(SolutionConfigurationPlatforms) = preSolution
		Debug|Any CPU = Debug|Any CPU
		Release|Any CPU = Release|Any CPU
	EndGlobalSection
	GlobalSection(ProjectConfigurationPlatforms) = postSolution
		{E5C3317A-403A-4608-AA06-122BD25A2AC8}.Debug|Any CPU.ActiveCfg = Debug|Any CPU
		{E5C3317A-403A-4608-AA06-122BD25A2AC8}.Debug|Any CPU.Build.0 = Debug|Any CPU
		{E5C3317A-403A-4608-AA06-122BD25A2AC8}.Release|Any CPU.ActiveCfg = Release|Any CPU
		{E5C3317A-403A-4608-AA06-122BD25A2AC8}.Release|Any CPU.Build.0 = Release|Any CPU
	EndGlobalSection
	GlobalSection(SolutionProperties) = preSolution
		HideSolutionNode = FALSE
	EndGlobalSection
	GlobalSection(ExtensibilityGlobals) = postSolution
		SolutionGuid = {AF6D5C58-370E-4902-8BE7-F7E3E4898188}
	EndGlobalSection
EndGlobal
